Microsoft Visual Studio Solution File, Format Version 12.00
# Visual Studio Version 17
VisualStudioVersion = 17.0.31903.59
MinimumVisualStudioVersion = 10.0.40219.1
Project("{9A19103F-16F7-4668-BE54-9A1E7A4F7556}") = "Ellyr.Core", "Ellyr.Core\Ellyr.Core.csproj", "{D69D1485-A87F-495B-83BB-3F64634EEF83}"
EndProject
Project("{9A19103F-16F7-4668-BE54-9A1E7A4F7556}") = "Ellyr.Loader", "Ellyr.Loader\Ellyr.Loader.csproj", "{2C36CAB4-F7D1-43F7-AF95-5947E5B0986E}"
EndProject
Global
	GlobalSection(SolutionConfigurationPlatforms) = preSolution
		Debug|Any CPU = Debug|Any CPU
		Release|Any CPU = Release|Any CPU
	EndGlobalSection
	GlobalSection(ProjectConfigurationPlatforms) = postSolution
		{D69D1485-A87F-495B-83BB-3F64634EEF83}.Debug|Any CPU.ActiveCfg = Debug|Any CPU
		{D69D1485-A87F-495B-83BB-3F64634EEF83}.Debug|Any CPU.Build.0 = Debug|Any CPU
		{D69D1485-A87F-495B-83BB-3F64634EEF83}.Release|Any CPU.ActiveCfg = Release|Any CPU
		{D69D1485-A87F-495B-83BB-3F64634EEF83}.Release|Any CPU.Build.0 = Release|Any CPU
		{2C36CAB4-F7D1-43F7-AF95-5947E5B0986E}.Debug|Any CPU.ActiveCfg = Debug|Any CPU
		{2C36CAB4-F7D1-43F7-AF95-5947E5B0986E}.Debug|Any CPU.Build.0 = Debug|Any CPU
		{2C36CAB4-F7D1-43F7-AF95-5947E5B0986E}.Release|Any CPU.ActiveCfg = Release|Any CPU
		{2C36CAB4-F7D1-43F7-AF95-5947E5B0986E}.Release|Any CPU.Build.0 = Release|Any CPU
	EndGlobalSection
	GlobalSection(SolutionProperties) = preSolution
		HideSolutionNode = FALSE
	EndGlobalSection
EndGlobal
